lockfileVersion: '9.0'

settings:
  autoInstallPeers: true
  excludeLinksFromLockfile: false

importers:

  .:
    dependencies:
      telegraf:
        specifier: ^4.16.3
        version: 4.16.3
    devDependencies:
      esbuild:
        specifier: ^0.25.5
        version: 0.25.5
      rollup:
        specifier: ^4.43.0
        version: 4.43.0
      rollup-plugin-dts:
        specifier: ^6.2.1
        version: 6.2.1(rollup@4.43.0)(typescript@5.8.3)
      rollup-plugin-esbuild:
        specifier: ^6.2.1
        version: 6.2.1(esbuild@0.25.5)(rollup@4.43.0)
      typescript:
        specifier: ^5.8.3
        version: 5.8.3

packages:

  '@babel/code-frame@7.27.1':
    resolution: {integrity: sha512-cjQ7ZlQ0Mv3b47hABuTevyTuYN4i+loJKGeV9flcCgIK37cCXRh+L1bd3iBHlynerhQ7BhCkn2BPbQUL+rGqFg==}
    engines: {node: '>=6.9.0'}

  '@babel/helper-validator-identifier@7.27.1':
    resolution: {integrity: sha512-D2hP9eA+Sqx1kBZgzxZh0y1trbuU+JoDkiEwqhQ36nodYqJwyEIhPSdMNd7lOm/4io72luTPWH20Yda0xOuUow==}
    engines: {node: '>=6.9.0'}

  '@esbuild/aix-ppc64@0.25.5':
    resolution: {integrity: sha512-9o3TMmpmftaCMepOdA5k/yDw8SfInyzWWTjYTFCX3kPSDJMROQTb8jg+h9Cnwnmm1vOzvxN7gIfB5V2ewpjtGA==}
    engines: {node: '>=18'}
    cpu: [ppc64]
    os: [aix]

  '@esbuild/android-arm64@0.25.5':
    resolution: {integrity: sha512-VGzGhj4lJO+TVGV1v8ntCZWJktV7SGCs3Pn1GRWI1SBFtRALoomm8k5E9Pmwg3HOAal2VDc2F9+PM/rEY6oIDg==}
    engines: {node: '>=18'}
    cpu: [arm64]
    os: [android]

  '@esbuild/android-arm@0.25.5':
    resolution: {integrity: sha512-AdJKSPeEHgi7/ZhuIPtcQKr5RQdo6OO2IL87JkianiMYMPbCtot9fxPbrMiBADOWWm3T2si9stAiVsGbTQFkbA==}
    engines: {node: '>=18'}
    cpu: [arm]
    os: [android]

  '@esbuild/android-x64@0.25.5':
    resolution: {integrity: sha512-D2GyJT1kjvO//drbRT3Hib9XPwQeWd9vZoBJn+bu/lVsOZ13cqNdDeqIF/xQ5/VmWvMduP6AmXvylO/PIc2isw==}
    engines: {node: '>=18'}
    cpu: [x64]
    os: [android]

  '@esbuild/darwin-arm64@0.25.5':
    resolution: {integrity: sha512-GtaBgammVvdF7aPIgH2jxMDdivezgFu6iKpmT+48+F8Hhg5J/sfnDieg0aeG/jfSvkYQU2/pceFPDKlqZzwnfQ==}
    engines: {node: '>=18'}
    cpu: [arm64]
    os: [darwin]

  '@esbuild/darwin-x64@0.25.5':
    resolution: {integrity: sha512-1iT4FVL0dJ76/q1wd7XDsXrSW+oLoquptvh4CLR4kITDtqi2e/xwXwdCVH8hVHU43wgJdsq7Gxuzcs6Iq/7bxQ==}
    engines: {node: '>=18'}
    cpu: [x64]
    os: [darwin]

  '@esbuild/freebsd-arm64@0.25.5':
    resolution: {integrity: sha512-nk4tGP3JThz4La38Uy/gzyXtpkPW8zSAmoUhK9xKKXdBCzKODMc2adkB2+8om9BDYugz+uGV7sLmpTYzvmz6Sw==}
    engines: {node: '>=18'}
    cpu: [arm64]
    os: [freebsd]

  '@esbuild/freebsd-x64@0.25.5':
    resolution: {integrity: sha512-PrikaNjiXdR2laW6OIjlbeuCPrPaAl0IwPIaRv+SMV8CiM8i2LqVUHFC1+8eORgWyY7yhQY+2U2fA55mBzReaw==}
    engines: {node: '>=18'}
    cpu: [x64]
    os: [freebsd]

  '@esbuild/linux-arm64@0.25.5':
    resolution: {integrity: sha512-Z9kfb1v6ZlGbWj8EJk9T6czVEjjq2ntSYLY2cw6pAZl4oKtfgQuS4HOq41M/BcoLPzrUbNd+R4BXFyH//nHxVg==}
    engines: {node: '>=18'}
    cpu: [arm64]
    os: [linux]

  '@esbuild/linux-arm@0.25.5':
    resolution: {integrity: sha512-cPzojwW2okgh7ZlRpcBEtsX7WBuqbLrNXqLU89GxWbNt6uIg78ET82qifUy3W6OVww6ZWobWub5oqZOVtwolfw==}
    engines: {node: '>=18'}
    cpu: [arm]
    os: [linux]

  '@esbuild/linux-ia32@0.25.5':
    resolution: {integrity: sha512-sQ7l00M8bSv36GLV95BVAdhJ2QsIbCuCjh/uYrWiMQSUuV+LpXwIqhgJDcvMTj+VsQmqAHL2yYaasENvJ7CDKA==}
    engines: {node: '>=18'}
    cpu: [ia32]
    os: [linux]

  '@esbuild/linux-loong64@0.25.5':
    resolution: {integrity: sha512-0ur7ae16hDUC4OL5iEnDb0tZHDxYmuQyhKhsPBV8f99f6Z9KQM02g33f93rNH5A30agMS46u2HP6qTdEt6Q1kg==}
    engines: {node: '>=18'}
    cpu: [loong64]
    os: [linux]

  '@esbuild/linux-mips64el@0.25.5':
    resolution: {integrity: sha512-kB/66P1OsHO5zLz0i6X0RxlQ+3cu0mkxS3TKFvkb5lin6uwZ/ttOkP3Z8lfR9mJOBk14ZwZ9182SIIWFGNmqmg==}
    engines: {node: '>=18'}
    cpu: [mips64el]
    os: [linux]

  '@esbuild/linux-ppc64@0.25.5':
    resolution: {integrity: sha512-UZCmJ7r9X2fe2D6jBmkLBMQetXPXIsZjQJCjgwpVDz+YMcS6oFR27alkgGv3Oqkv07bxdvw7fyB71/olceJhkQ==}
    engines: {node: '>=18'}
    cpu: [ppc64]
    os: [linux]

  '@esbuild/linux-riscv64@0.25.5':
    resolution: {integrity: sha512-kTxwu4mLyeOlsVIFPfQo+fQJAV9mh24xL+y+Bm6ej067sYANjyEw1dNHmvoqxJUCMnkBdKpvOn0Ahql6+4VyeA==}
    engines: {node: '>=18'}
    cpu: [riscv64]
    os: [linux]

  '@esbuild/linux-s390x@0.25.5':
    resolution: {integrity: sha512-K2dSKTKfmdh78uJ3NcWFiqyRrimfdinS5ErLSn3vluHNeHVnBAFWC8a4X5N+7FgVE1EjXS1QDZbpqZBjfrqMTQ==}
    engines: {node: '>=18'}
    cpu: [s390x]
    os: [linux]

  '@esbuild/linux-x64@0.25.5':
    resolution: {integrity: sha512-uhj8N2obKTE6pSZ+aMUbqq+1nXxNjZIIjCjGLfsWvVpy7gKCOL6rsY1MhRh9zLtUtAI7vpgLMK6DxjO8Qm9lJw==}
    engines: {node: '>=18'}
    cpu: [x64]
    os: [linux]

  '@esbuild/netbsd-arm64@0.25.5':
    resolution: {integrity: sha512-pwHtMP9viAy1oHPvgxtOv+OkduK5ugofNTVDilIzBLpoWAM16r7b/mxBvfpuQDpRQFMfuVr5aLcn4yveGvBZvw==}
    engines: {node: '>=18'}
    cpu: [arm64]
    os: [netbsd]

  '@esbuild/netbsd-x64@0.25.5':
    resolution: {integrity: sha512-WOb5fKrvVTRMfWFNCroYWWklbnXH0Q5rZppjq0vQIdlsQKuw6mdSihwSo4RV/YdQ5UCKKvBy7/0ZZYLBZKIbwQ==}
    engines: {node: '>=18'}
    cpu: [x64]
    os: [netbsd]

  '@esbuild/openbsd-arm64@0.25.5':
    resolution: {integrity: sha512-7A208+uQKgTxHd0G0uqZO8UjK2R0DDb4fDmERtARjSHWxqMTye4Erz4zZafx7Di9Cv+lNHYuncAkiGFySoD+Mw==}
    engines: {node: '>=18'}
    cpu: [arm64]
    os: [openbsd]

  '@esbuild/openbsd-x64@0.25.5':
    resolution: {integrity: sha512-G4hE405ErTWraiZ8UiSoesH8DaCsMm0Cay4fsFWOOUcz8b8rC6uCvnagr+gnioEjWn0wC+o1/TAHt+It+MpIMg==}
    engines: {node: '>=18'}
    cpu: [x64]
    os: [openbsd]

  '@esbuild/sunos-x64@0.25.5':
    resolution: {integrity: sha512-l+azKShMy7FxzY0Rj4RCt5VD/q8mG/e+mDivgspo+yL8zW7qEwctQ6YqKX34DTEleFAvCIUviCFX1SDZRSyMQA==}
    engines: {node: '>=18'}
    cpu: [x64]
    os: [sunos]

  '@esbuild/win32-arm64@0.25.5':
    resolution: {integrity: sha512-O2S7SNZzdcFG7eFKgvwUEZ2VG9D/sn/eIiz8XRZ1Q/DO5a3s76Xv0mdBzVM5j5R639lXQmPmSo0iRpHqUUrsxw==}
    engines: {node: '>=18'}
    cpu: [arm64]
    os: [win32]

  '@esbuild/win32-ia32@0.25.5':
    resolution: {integrity: sha512-onOJ02pqs9h1iMJ1PQphR+VZv8qBMQ77Klcsqv9CNW2w6yLqoURLcgERAIurY6QE63bbLuqgP9ATqajFLK5AMQ==}
    engines: {node: '>=18'}
    cpu: [ia32]
    os: [win32]

  '@esbuild/win32-x64@0.25.5':
    resolution: {integrity: sha512-TXv6YnJ8ZMVdX+SXWVBo/0p8LTcrUYngpWjvm91TMjjBQii7Oz11Lw5lbDV5Y0TzuhSJHwiH4hEtC1I42mMS0g==}
    engines: {node: '>=18'}
    cpu: [x64]
    os: [win32]

  '@jridgewell/sourcemap-codec@1.5.0':
    resolution: {integrity: sha512-gv3ZRaISU3fjPAgNsriBRqGWQL6quFx04YMPW/zD8XMLsU32mhCCbfbO6KZFLjvYpCZ8zyDEgqsgf+PwPaM7GQ==}

  '@rollup/rollup-android-arm-eabi@4.43.0':
    resolution: {integrity: sha512-Krjy9awJl6rKbruhQDgivNbD1WuLb8xAclM4IR4cN5pHGAs2oIMMQJEiC3IC/9TZJ+QZkmZhlMO/6MBGxPidpw==}
    cpu: [arm]
    os: [android]

  '@rollup/rollup-android-arm64@4.43.0':
    resolution: {integrity: sha512-ss4YJwRt5I63454Rpj+mXCXicakdFmKnUNxr1dLK+5rv5FJgAxnN7s31a5VchRYxCFWdmnDWKd0wbAdTr0J5EA==}
    cpu: [arm64]
    os: [android]

  '@rollup/rollup-darwin-arm64@4.43.0':
    resolution: {integrity: sha512-eKoL8ykZ7zz8MjgBenEF2OoTNFAPFz1/lyJ5UmmFSz5jW+7XbH1+MAgCVHy72aG59rbuQLcJeiMrP8qP5d/N0A==}
    cpu: [arm64]
    os: [darwin]

  '@rollup/rollup-darwin-x64@4.43.0':
    resolution: {integrity: sha512-SYwXJgaBYW33Wi/q4ubN+ldWC4DzQY62S4Ll2dgfr/dbPoF50dlQwEaEHSKrQdSjC6oIe1WgzosoaNoHCdNuMg==}
    cpu: [x64]
    os: [darwin]

  '@rollup/rollup-freebsd-arm64@4.43.0':
    resolution: {integrity: sha512-SV+U5sSo0yujrjzBF7/YidieK2iF6E7MdF6EbYxNz94lA+R0wKl3SiixGyG/9Klab6uNBIqsN7j4Y/Fya7wAjQ==}
    cpu: [arm64]
    os: [freebsd]

  '@rollup/rollup-freebsd-x64@4.43.0':
    resolution: {integrity: sha512-J7uCsiV13L/VOeHJBo5SjasKiGxJ0g+nQTrBkAsmQBIdil3KhPnSE9GnRon4ejX1XDdsmK/l30IYLiAaQEO0Cg==}
    cpu: [x64]
    os: [freebsd]

  '@rollup/rollup-linux-arm-gnueabihf@4.43.0':
    resolution: {integrity: sha512-gTJ/JnnjCMc15uwB10TTATBEhK9meBIY+gXP4s0sHD1zHOaIh4Dmy1X9wup18IiY9tTNk5gJc4yx9ctj/fjrIw==}
    cpu: [arm]
    os: [linux]

  '@rollup/rollup-linux-arm-musleabihf@4.43.0':
    resolution: {integrity: sha512-ZJ3gZynL1LDSIvRfz0qXtTNs56n5DI2Mq+WACWZ7yGHFUEirHBRt7fyIk0NsCKhmRhn7WAcjgSkSVVxKlPNFFw==}
    cpu: [arm]
    os: [linux]

  '@rollup/rollup-linux-arm64-gnu@4.43.0':
    resolution: {integrity: sha512-8FnkipasmOOSSlfucGYEu58U8cxEdhziKjPD2FIa0ONVMxvl/hmONtX/7y4vGjdUhjcTHlKlDhw3H9t98fPvyA==}
    cpu: [arm64]
    os: [linux]

  '@rollup/rollup-linux-arm64-musl@4.43.0':
    resolution: {integrity: sha512-KPPyAdlcIZ6S9C3S2cndXDkV0Bb1OSMsX0Eelr2Bay4EsF9yi9u9uzc9RniK3mcUGCLhWY9oLr6er80P5DE6XA==}
    cpu: [arm64]
    os: [linux]

  '@rollup/rollup-linux-loongarch64-gnu@4.43.0':
    resolution: {integrity: sha512-HPGDIH0/ZzAZjvtlXj6g+KDQ9ZMHfSP553za7o2Odegb/BEfwJcR0Sw0RLNpQ9nC6Gy8s+3mSS9xjZ0n3rhcYg==}
    cpu: [loong64]
    os: [linux]

  '@rollup/rollup-linux-powerpc64le-gnu@4.43.0':
    resolution: {integrity: sha512-gEmwbOws4U4GLAJDhhtSPWPXUzDfMRedT3hFMyRAvM9Mrnj+dJIFIeL7otsv2WF3D7GrV0GIewW0y28dOYWkmw==}
    cpu: [ppc64]
    os: [linux]

  '@rollup/rollup-linux-riscv64-gnu@4.43.0':
    resolution: {integrity: sha512-XXKvo2e+wFtXZF/9xoWohHg+MuRnvO29TI5Hqe9xwN5uN8NKUYy7tXUG3EZAlfchufNCTHNGjEx7uN78KsBo0g==}
    cpu: [riscv64]
    os: [linux]

  '@rollup/rollup-linux-riscv64-musl@4.43.0':
    resolution: {integrity: sha512-ruf3hPWhjw6uDFsOAzmbNIvlXFXlBQ4nk57Sec8E8rUxs/AI4HD6xmiiasOOx/3QxS2f5eQMKTAwk7KHwpzr/Q==}
    cpu: [riscv64]
    os: [linux]

  '@rollup/rollup-linux-s390x-gnu@4.43.0':
    resolution: {integrity: sha512-QmNIAqDiEMEvFV15rsSnjoSmO0+eJLoKRD9EAa9rrYNwO/XRCtOGM3A5A0X+wmG+XRrw9Fxdsw+LnyYiZWWcVw==}
    cpu: [s390x]
    os: [linux]

  '@rollup/rollup-linux-x64-gnu@4.43.0':
    resolution: {integrity: sha512-jAHr/S0iiBtFyzjhOkAics/2SrXE092qyqEg96e90L3t9Op8OTzS6+IX0Fy5wCt2+KqeHAkti+eitV0wvblEoQ==}
    cpu: [x64]
    os: [linux]

  '@rollup/rollup-linux-x64-musl@4.43.0':
    resolution: {integrity: sha512-3yATWgdeXyuHtBhrLt98w+5fKurdqvs8B53LaoKD7P7H7FKOONLsBVMNl9ghPQZQuYcceV5CDyPfyfGpMWD9mQ==}
    cpu: [x64]
    os: [linux]

  '@rollup/rollup-win32-arm64-msvc@4.43.0':
    resolution: {integrity: sha512-wVzXp2qDSCOpcBCT5WRWLmpJRIzv23valvcTwMHEobkjippNf+C3ys/+wf07poPkeNix0paTNemB2XrHr2TnGw==}
    cpu: [arm64]
    os: [win32]

  '@rollup/rollup-win32-ia32-msvc@4.43.0':
    resolution: {integrity: sha512-fYCTEyzf8d+7diCw8b+asvWDCLMjsCEA8alvtAutqJOJp/wL5hs1rWSqJ1vkjgW0L2NB4bsYJrpKkiIPRR9dvw==}
    cpu: [ia32]
    os: [win32]

  '@rollup/rollup-win32-x64-msvc@4.43.0':
    resolution: {integrity: sha512-SnGhLiE5rlK0ofq8kzuDkM0g7FN1s5VYY+YSMTibP7CqShxCQvqtNxTARS4xX4PFJfHjG0ZQYX9iGzI3FQh5Aw==}
    cpu: [x64]
    os: [win32]

  '@telegraf/types@7.1.0':
    resolution: {integrity: sha512-kGevOIbpMcIlCDeorKGpwZmdH7kHbqlk/Yj6dEpJMKEQw5lk0KVQY0OLXaCswy8GqlIVLd5625OB+rAntP9xVw==}

  '@types/estree@1.0.7':
    resolution: {integrity: sha512-w28IoSUCJpidD/TGviZwwMJckNESJZXFu7NBZ5YJ4mEUnNraUn9Pm8HSZm/jDF1pDWYKspWE7oVphigUPRakIQ==}

  abort-controller@3.0.0:
    resolution: {integrity: sha512-h8lQ8tacZYnR3vNQTgibj+tODHI5/+l06Au2Pcriv/Gmet0eaj4TwWH41sO9wnHDiQsEj19q0drzdWdeAHtweg==}
    engines: {node: '>=6.5'}

  buffer-alloc-unsafe@1.1.0:
    resolution: {integrity: sha512-TEM2iMIEQdJ2yjPJoSIsldnleVaAk1oW3DBVUykyOLsEsFmEc9kn+SFFPz+gl54KQNxlDnAwCXosOS9Okx2xAg==}

  buffer-alloc@1.2.0:
    resolution: {integrity: sha512-CFsHQgjtW1UChdXgbyJGtnm+O/uLQeZdtbDo8mfUgYXCHSM1wgrVxXm6bSyrUuErEb+4sYVGCzASBRot7zyrow==}

  buffer-fill@1.0.0:
    resolution: {integrity: sha512-T7zexNBwiiaCOGDg9xNX9PBmjrubblRkENuptryuI64URkXDFum9il/JGL8Lm8wYfAXpredVXXZz7eMHilimiQ==}

  debug@4.4.1:
    resolution: {integrity: sha512-KcKCqiftBJcZr++7ykoDIEwSa3XWowTfNPo92BYxjXiyYEVrUQh2aLyhxBCwww+heortUFxEJYcRzosstTEBYQ==}
    engines: {node: '>=6.0'}
    peerDependencies:
      supports-color: '*'
    peerDependenciesMeta:
      supports-color:
        optional: true

  es-module-lexer@1.7.0:
    resolution: {integrity: sha512-jEQoCwk8hyb2AZziIOLhDqpm5+2ww5uIE6lkO/6jcOCusfk6LhMHpXXfBLXTZ7Ydyt0j4VoUQv6uGNYbdW+kBA==}

  esbuild@0.25.5:
    resolution: {integrity: sha512-P8OtKZRv/5J5hhz0cUAdu/cLuPIKXpQl1R9pZtvmHWQvrAUVd0UNIPT4IB4W3rNOqVO0rlqHmCIbSwxh/c9yUQ==}
    engines: {node: '>=18'}
    hasBin: true

  event-target-shim@5.0.1:
    resolution: {integrity: sha512-i/2XbnSz/uxRCU6+NdVJgKWDTM427+MqYbkQzD321DuCQJUqOuJKIA0IM2+W2xtYHdKOmZ4dR6fExsd4SXL+WQ==}
    engines: {node: '>=6'}

  fsevents@2.3.3:
    resolution: {integrity: sha512-5xoDfX+fL7faATnagmWPpbFtwh/R77WmMMqqHGS65C3vvB0YHrgF+B1YmZ3441tMj5n63k0212XNoJwzlhffQw==}
    engines: {node: ^8.16.0 || ^10.6.0 || >=11.0.0}
    os: [darwin]

  get-tsconfig@4.10.1:
    resolution: {integrity: sha512-auHyJ4AgMz7vgS8Hp3N6HXSmlMdUyhSUrfBF16w153rxtLIEOE+HGqaBppczZvnHLqQJfiHotCYpNhl0lUROFQ==}

  js-tokens@4.0.0:
    resolution: {integrity: sha512-RdJUflcE3cUzKiMqQgsCu06FPu9UdIJO0beYbPhHN4k6apgJtifcoCtT9bcxOpYBtpD2kCM6Sbzg4CausW/PKQ==}

  magic-string@0.30.17:
    resolution: {integrity: sha512-sNPKHvyjVf7gyjwS4xGTaW/mCnF8wnjtifKBEhxfZ7E/S8tQ0rssrwGNn6q8JH/ohItJfSQp9mBtQYuTlH5QnA==}

  mri@1.2.0:
    resolution: {integrity: sha512-tzzskb3bG8LvYGFF/mDTpq3jpI6Q9wc3LEmBaghu+DdCssd1FakN7Bc0hVNmEyGq1bq3RgfkCb3cmQLpNPOroA==}
    engines: {node: '>=4'}

  ms@2.1.3:
    resolution: {integrity: sha512-6FlzubTLZG3J2a/NVCAleEhjzq5oxgHyaCU9yYXvcLsvoVaHJq/s5xXI6/XXP6tz7R9xAOtHnSO/tXtF3WRTlA==}

  node-fetch@2.7.0:
    resolution: {integrity: sha512-c4FRfUm/dbcWZ7U+1Wq0AwCyFL+3nt2bEw05wfxSz+DWpWsitgmSgYmy2dQdWyKC1694ELPqMs/YzUSNozLt8A==}
    engines: {node: 4.x || >=6.0.0}
    peerDependencies:
      encoding: ^0.1.0
    peerDependenciesMeta:
      encoding:
        optional: true

  p-timeout@4.1.0:
    resolution: {integrity: sha512-+/wmHtzJuWii1sXn3HCuH/FTwGhrp4tmJTxSKJbfS+vkipci6osxXM5mY0jUiRzWKMTgUT8l7HFbeSwZAynqHw==}
    engines: {node: '>=10'}

  pathe@2.0.3:
    resolution: {integrity: sha512-WUjGcAqP1gQacoQe+OBJsFA7Ld4DyXuUIjZ5cc75cLHvJ7dtNsTugphxIADwspS+AraAUePCKrSVtPLFj/F88w==}

  picocolors@1.1.1:
    resolution: {integrity: sha512-xceH2snhtb5M9liqDsmEw56le376mTZkEX/jEb/RxNFyegNul7eNslCXP9FDj/Lcu0X8KEyMceP2ntpaHrDEVA==}

  picomatch@4.0.2:
    resolution: {integrity: sha512-M7BAV6Rlcy5u+m6oPhAPFgJTzAioX/6B0DxyvDlo9l8+T3nLKbrczg2WLUyzd45L8RqfUMyGPzekbMvX2Ldkwg==}
    engines: {node: '>=12'}

  resolve-pkg-maps@1.0.0:
    resolution: {integrity: sha512-seS2Tj26TBVOC2NIc2rOe2y2ZO7efxITtLZcGSOnHHNOQ7CkiUBfw0Iw2ck6xkIhPwLhKNLS8BO+hEpngQlqzw==}

  rollup-plugin-dts@6.2.1:
    resolution: {integrity: sha512-sR3CxYUl7i2CHa0O7bA45mCrgADyAQ0tVtGSqi3yvH28M+eg1+g5d7kQ9hLvEz5dorK3XVsH5L2jwHLQf72DzA==}
    engines: {node: '>=16'}
    peerDependencies:
      rollup: ^3.29.4 || ^4
      typescript: ^4.5 || ^5.0

  rollup-plugin-esbuild@6.2.1:
    resolution: {integrity: sha512-jTNOMGoMRhs0JuueJrJqbW8tOwxumaWYq+V5i+PD+8ecSCVkuX27tGW7BXqDgoULQ55rO7IdNxPcnsWtshz3AA==}
    engines: {node: '>=14.18.0'}
    peerDependencies:
      esbuild: '>=0.18.0'
      rollup: ^1.20.0 || ^2.0.0 || ^3.0.0 || ^4.0.0

  rollup@4.43.0:
    resolution: {integrity: sha512-wdN2Kd3Twh8MAEOEJZsuxuLKCsBEo4PVNLK6tQWAn10VhsVewQLzcucMgLolRlhFybGxfclbPeEYBaP6RvUFGg==}
    engines: {node: '>=18.0.0', npm: '>=8.0.0'}
    hasBin: true

  safe-compare@1.1.4:
    resolution: {integrity: sha512-b9wZ986HHCo/HbKrRpBJb2kqXMK9CEWIE1egeEvZsYn69ay3kdfl9nG3RyOcR+jInTDf7a86WQ1d4VJX7goSSQ==}

  sandwich-stream@2.0.2:
    resolution: {integrity: sha512-jLYV0DORrzY3xaz/S9ydJL6Iz7essZeAfnAavsJ+zsJGZ1MOnsS52yRjU3uF3pJa/lla7+wisp//fxOwOH8SKQ==}
    engines: {node: '>= 0.10'}

  telegraf@4.16.3:
    resolution: {integrity: sha512-yjEu2NwkHlXu0OARWoNhJlIjX09dRktiMQFsM678BAH/PEPVwctzL67+tvXqLCRQQvm3SDtki2saGO9hLlz68w==}
    engines: {node: ^12.20.0 || >=14.13.1}
    hasBin: true

  tr46@0.0.3:
    resolution: {integrity: sha512-N3WMsuqV66lT30CrXNbEjx4GEwlow3v6rr4mCcv6prnfwhS01rkgyFdjPNBYd9br7LpXV1+Emh01fHnq2Gdgrw==}

  typescript@5.8.3:
    resolution: {integrity: sha512-p1diW6TqL9L07nNxvRMM7hMMw4c5XOo/1ibL4aAIGmSAt9slTE1Xgw5KWuof2uTOvCg9BY7ZRi+GaF+7sfgPeQ==}
    engines: {node: '>=14.17'}
    hasBin: true

  unplugin-utils@0.2.4:
    resolution: {integrity: sha512-8U/MtpkPkkk3Atewj1+RcKIjb5WBimZ/WSLhhR3w6SsIj8XJuKTacSP8g+2JhfSGw0Cb125Y+2zA/IzJZDVbhA==}
    engines: {node: '>=18.12.0'}

  webidl-conversions@3.0.1:
    resolution: {integrity: sha512-2JAn3z8AR6rjK8Sm8orRC0h/bcl/DqL7tRPdGZ4I1CjdF+EaMLmYxBHyXuKL849eucPFhvBoxMsflfOb8kxaeQ==}

  whatwg-url@5.0.0:
    resolution: {integrity: sha512-saE57nupxk6v3HY35+jzBwYa0rKSy0XR8JSxZPwgLr7ys0IBzhGviA1/TUGJLmSVqs8pb9AnvICXEuOHLprYTw==}

snapshots:

  '@babel/code-frame@7.27.1':
    dependencies:
      '@babel/helper-validator-identifier': 7.27.1
      js-tokens: 4.0.0
      picocolors: 1.1.1
    optional: true

  '@babel/helper-validator-identifier@7.27.1':
    optional: true

  '@esbuild/aix-ppc64@0.25.5':
    optional: true

  '@esbuild/android-arm64@0.25.5':
    optional: true

  '@esbuild/android-arm@0.25.5':
    optional: true

  '@esbuild/android-x64@0.25.5':
    optional: true

  '@esbuild/darwin-arm64@0.25.5':
    optional: true

  '@esbuild/darwin-x64@0.25.5':
    optional: true

  '@esbuild/freebsd-arm64@0.25.5':
    optional: true

  '@esbuild/freebsd-x64@0.25.5':
    optional: true

  '@esbuild/linux-arm64@0.25.5':
    optional: true

  '@esbuild/linux-arm@0.25.5':
    optional: true

  '@esbuild/linux-ia32@0.25.5':
    optional: true

  '@esbuild/linux-loong64@0.25.5':
    optional: true

  '@esbuild/linux-mips64el@0.25.5':
    optional: true

  '@esbuild/linux-ppc64@0.25.5':
    optional: true

  '@esbuild/linux-riscv64@0.25.5':
    optional: true

  '@esbuild/linux-s390x@0.25.5':
    optional: true

  '@esbuild/linux-x64@0.25.5':
    optional: true

  '@esbuild/netbsd-arm64@0.25.5':
    optional: true

  '@esbuild/netbsd-x64@0.25.5':
    optional: true

  '@esbuild/openbsd-arm64@0.25.5':
    optional: true

  '@esbuild/openbsd-x64@0.25.5':
    optional: true

  '@esbuild/sunos-x64@0.25.5':
    optional: true

  '@esbuild/win32-arm64@0.25.5':
    optional: true

  '@esbuild/win32-ia32@0.25.5':
    optional: true

  '@esbuild/win32-x64@0.25.5':
    optional: true

  '@jridgewell/sourcemap-codec@1.5.0': {}

  '@rollup/rollup-android-arm-eabi@4.43.0':
    optional: true

  '@rollup/rollup-android-arm64@4.43.0':
    optional: true

  '@rollup/rollup-darwin-arm64@4.43.0':
    optional: true

  '@rollup/rollup-darwin-x64@4.43.0':
    optional: true

  '@rollup/rollup-freebsd-arm64@4.43.0':
    optional: true

  '@rollup/rollup-freebsd-x64@4.43.0':
    optional: true

  '@rollup/rollup-linux-arm-gnueabihf@4.43.0':
    optional: true

  '@rollup/rollup-linux-arm-musleabihf@4.43.0':
    optional: true

  '@rollup/rollup-linux-arm64-gnu@4.43.0':
    optional: true

  '@rollup/rollup-linux-arm64-musl@4.43.0':
    optional: true

  '@rollup/rollup-linux-loongarch64-gnu@4.43.0':
    optional: true

  '@rollup/rollup-linux-powerpc64le-gnu@4.43.0':
    optional: true

  '@rollup/rollup-linux-riscv64-gnu@4.43.0':
    optional: true

  '@rollup/rollup-linux-riscv64-musl@4.43.0':
    optional: true

  '@rollup/rollup-linux-s390x-gnu@4.43.0':
    optional: true

  '@rollup/rollup-linux-x64-gnu@4.43.0':
    optional: true

  '@rollup/rollup-linux-x64-musl@4.43.0':
    optional: true

  '@rollup/rollup-win32-arm64-msvc@4.43.0':
    optional: true

  '@rollup/rollup-win32-ia32-msvc@4.43.0':
    optional: true

  '@rollup/rollup-win32-x64-msvc@4.43.0':
    optional: true

  '@telegraf/types@7.1.0': {}

  '@types/estree@1.0.7': {}

  abort-controller@3.0.0:
    dependencies:
      event-target-shim: 5.0.1

  buffer-alloc-unsafe@1.1.0: {}

  buffer-alloc@1.2.0:
    dependencies:
      buffer-alloc-unsafe: 1.1.0
      buffer-fill: 1.0.0

  buffer-fill@1.0.0: {}

  debug@4.4.1:
    dependencies:
      ms: 2.1.3

  es-module-lexer@1.7.0: {}

  esbuild@0.25.5:
    optionalDependencies:
      '@esbuild/aix-ppc64': 0.25.5
      '@esbuild/android-arm': 0.25.5
      '@esbuild/android-arm64': 0.25.5
      '@esbuild/android-x64': 0.25.5
      '@esbuild/darwin-arm64': 0.25.5
      '@esbuild/darwin-x64': 0.25.5
      '@esbuild/freebsd-arm64': 0.25.5
      '@esbuild/freebsd-x64': 0.25.5
      '@esbuild/linux-arm': 0.25.5
      '@esbuild/linux-arm64': 0.25.5
      '@esbuild/linux-ia32': 0.25.5
      '@esbuild/linux-loong64': 0.25.5
      '@esbuild/linux-mips64el': 0.25.5
      '@esbuild/linux-ppc64': 0.25.5
      '@esbuild/linux-riscv64': 0.25.5
      '@esbuild/linux-s390x': 0.25.5
      '@esbuild/linux-x64': 0.25.5
      '@esbuild/netbsd-arm64': 0.25.5
      '@esbuild/netbsd-x64': 0.25.5
      '@esbuild/openbsd-arm64': 0.25.5
      '@esbuild/openbsd-x64': 0.25.5
      '@esbuild/sunos-x64': 0.25.5
      '@esbuild/win32-arm64': 0.25.5
      '@esbuild/win32-ia32': 0.25.5
      '@esbuild/win32-x64': 0.25.5

  event-target-shim@5.0.1: {}

  fsevents@2.3.3:
    optional: true

  get-tsconfig@4.10.1:
    dependencies:
      resolve-pkg-maps: 1.0.0

  js-tokens@4.0.0:
    optional: true

  magic-string@0.30.17:
    dependencies:
      '@jridgewell/sourcemap-codec': 1.5.0

  mri@1.2.0: {}

  ms@2.1.3: {}

  node-fetch@2.7.0:
    dependencies:
      whatwg-url: 5.0.0

  p-timeout@4.1.0: {}

  pathe@2.0.3: {}

  picocolors@1.1.1:
    optional: true

  picomatch@4.0.2: {}

  resolve-pkg-maps@1.0.0: {}

  rollup-plugin-dts@6.2.1(rollup@4.43.0)(typescript@5.8.3):
    dependencies:
      magic-string: 0.30.17
      rollup: 4.43.0
      typescript: 5.8.3
    optionalDependencies:
      '@babel/code-frame': 7.27.1

  rollup-plugin-esbuild@6.2.1(esbuild@0.25.5)(rollup@4.43.0):
    dependencies:
      debug: 4.4.1
      es-module-lexer: 1.7.0
      esbuild: 0.25.5
      get-tsconfig: 4.10.1
      rollup: 4.43.0
      unplugin-utils: 0.2.4
    transitivePeerDependencies:
      - supports-color

  rollup@4.43.0:
    dependencies:
      '@types/estree': 1.0.7
    optionalDependencies:
      '@rollup/rollup-android-arm-eabi': 4.43.0
      '@rollup/rollup-android-arm64': 4.43.0
      '@rollup/rollup-darwin-arm64': 4.43.0
      '@rollup/rollup-darwin-x64': 4.43.0
      '@rollup/rollup-freebsd-arm64': 4.43.0
      '@rollup/rollup-freebsd-x64': 4.43.0
      '@rollup/rollup-linux-arm-gnueabihf': 4.43.0
      '@rollup/rollup-linux-arm-musleabihf': 4.43.0
      '@rollup/rollup-linux-arm64-gnu': 4.43.0
      '@rollup/rollup-linux-arm64-musl': 4.43.0
      '@rollup/rollup-linux-loongarch64-gnu': 4.43.0
      '@rollup/rollup-linux-powerpc64le-gnu': 4.43.0
      '@rollup/rollup-linux-riscv64-gnu': 4.43.0
      '@rollup/rollup-linux-riscv64-musl': 4.43.0
      '@rollup/rollup-linux-s390x-gnu': 4.43.0
      '@rollup/rollup-linux-x64-gnu': 4.43.0
      '@rollup/rollup-linux-x64-musl': 4.43.0
      '@rollup/rollup-win32-arm64-msvc': 4.43.0
      '@rollup/rollup-win32-ia32-msvc': 4.43.0
      '@rollup/rollup-win32-x64-msvc': 4.43.0
      fsevents: 2.3.3

  safe-compare@1.1.4:
    dependencies:
      buffer-alloc: 1.2.0

  sandwich-stream@2.0.2: {}

  telegraf@4.16.3:
    dependencies:
      '@telegraf/types': 7.1.0
      abort-controller: 3.0.0
      debug: 4.4.1
      mri: 1.2.0
      node-fetch: 2.7.0
      p-timeout: 4.1.0
      safe-compare: 1.1.4
      sandwich-stream: 2.0.2
    transitivePeerDependencies:
      - encoding
      - supports-color

  tr46@0.0.3: {}

  typescript@5.8.3: {}

  unplugin-utils@0.2.4:
    dependencies:
      pathe: 2.0.3
      picomatch: 4.0.2

  webidl-conversions@3.0.1: {}

  whatwg-url@5.0.0:
    dependencies:
      tr46: 0.0.3
      webidl-conversions: 3.0.1
